
Microsoft Visual Studio Solution File, Format Version 12.00
# Visual Studio Version 16
VisualStudioVersion = 16.0.29306.81
MinimumVisualStudioVersion = 10.0.40219.1
Project("{FAE04EC0-301F-11D3-BF4B-00C04F79EFBC}") = "oe_selectie_02.wpf", "oe_selectie_02.wpf\oe_selectie_02.wpf.csproj", "{C32304C7-B2B4-492D-AEB2-30A05643ABDE}"
EndProject
Global
	GlobalSection(SolutionConfigurationPlatforms) = preSolution
		Debug|Any CPU = Debug|Any CPU
		Release|Any CPU = Release|Any CPU
	EndGlobalSection
	GlobalSection(ProjectConfigurationPlatforms) = postSolution
		{C32304C7-B2B4-492D-AEB2-30A05643ABDE}.Debug|Any CPU.ActiveCfg = Debug|Any CPU
		{C32304C7-B2B4-492D-AEB2-30A05643ABDE}.Debug|Any CPU.Build.0 = Debug|Any CPU
		{C32304C7-B2B4-492D-AEB2-30A05643ABDE}.Release|Any CPU.ActiveCfg = Release|Any CPU
		{C32304C7-B2B4-492D-AEB2-30A05643ABDE}.Release|Any CPU.Build.0 = Release|Any CPU
	EndGlobalSection
	GlobalSection(SolutionProperties) = preSolution
		HideSolutionNode = FALSE
	EndGlobalSection
	GlobalSection(ExtensibilityGlobals) = postSolution
		SolutionGuid = {7FA10B77-8E75-4BE0-9CF2-F9583EFFF80E}
	EndGlobalSection
EndGlobal
